
Microsoft Visual Studio Solution File, Format Version 12.00
# Visual Studio 2013
VisualStudioVersion = 12.0.31101.0
MinimumVisualStudioVersion = 10.0.40219.1
Project("{2150E333-8FDC-42A3-9474-1A3956D46DE8}") = "Libraries", "Libraries", "{5AD08974-7D63-49EC-B863-2B5AFD41D1BB}"
EndProject
Project("{2150E333-8FDC-42A3-9474-1A3956D46DE8}") = "SISKPI", "SISKPI", "{370E7C2C-F2C0-416A-91EC-3892368111EE}"
EndProject
Project("{2150E333-8FDC-42A3-9474-1A3956D46DE8}") = "SISEXE", "SISEXE", "{0F91F5E7-86A7-42CB-834E-FA1CE83DA2F2}"
EndProject
Project("{2150E333-8FDC-42A3-9474-1A3956D46DE8}") = "SISSRV", "SISSRV", "{93215F3A-6ADA-47E1-9E28-055B70C5DB10}"
EndProject
Project("{FAE04EC0-301F-11D3-BF4B-00C04F79EFBC}") = "SIS.Assistant", "Libraries\SIS.Assistant\SIS.Assistant.csproj", "{ED742803-E8CF-4931-9FE2-8A01500E1B5C}"
EndProject
Project("{FAE04EC0-301F-11D3-BF4B-00C04F79EFBC}") = "SIS.Loger", "Libraries\SIS.Loger\SIS.Loger.csproj", "{C3DE9EE9-65C3-43AE-AEA3-96A8A63CFCF4}"
EndProject
Project("{FAE04EC0-301F-11D3-BF4B-00C04F79EFBC}") = "SIS.DataAccess", "Libraries\SIS.DataModule\SIS.DataAccess.csproj", "{D1D8FDCA-1024-44F1-8BB0-3159C1FDCC2E}"
EndProject
Project("{FAE04EC0-301F-11D3-BF4B-00C04F79EFBC}") = "SIS.DBControl", "Libraries\SIS.DBControl\SIS.DBControl.csproj", "{DADD2B60-3330-4E3D-B69F-ABB24ADA7BEB}"
EndProject
Project("{FAE04EC0-301F-11D3-BF4B-00C04F79EFBC}") = "SIS.Exceler", "Libraries\SIS.Exceler\SIS.Exceler.csproj", "{35F3DC9D-037A-453E-AB51-1CACD4FB983E}"
EndProject
Project("{FAE04EC0-301F-11D3-BF4B-00C04F79EFBC}") = "SIS.Evaluator", "Libraries\SIS.Evaluator\SIS.Evaluator.csproj", "{CBFA63A9-6E0C-46AF-B970-F2C4AD4D15D2}"
EndProject
Project("{FAE04EC0-301F-11D3-BF4B-00C04F79EFBC}") = "SIS.Arithmetic", "Libraries\SIS.Arithmetic\SIS.Arithmetic.csproj", "{0B195B47-5BEF-4908-AEBB-35DD1052EE87}"
EndProject
Project("{FAE04EC0-301F-11D3-BF4B-00C04F79EFBC}") = "SIS.IFCRefer", "Libraries\SIS.IFCRefer\SIS.IFCRefer.csproj", "{A9699DED-3EFE-42BE-9BFA-6867B98945DF}"
EndProject
Project("{FAE04EC0-301F-11D3-BF4B-00C04F79EFBC}") = "SISKPI", "SISKPI\SISKPI\SISKPI.csproj", "{86F18DFD-C2B6-4990-906C-A49434D37A8A}"
EndProject
Project("{FAE04EC0-301F-11D3-BF4B-00C04F79EFBC}") = "SISKPI.First", "SISEXE\SISKPI.First\SISKPI.First.csproj", "{3EC07983-43C7-4BA3-857A-337430158435}"
EndProject
Project("{FAE04EC0-301F-11D3-BF4B-00C04F79EFBC}") = "SISKPI.WinForm", "SISEXE\SISKPI.WinForm\SISKPI.WinForm.csproj", "{B9B7EF39-0DC9-49E0-825D-DD8BAEB17E09}"
EndProject
Project("{FAE04EC0-301F-11D3-BF4B-00C04F79EFBC}") = "SISKPI.GH", "SISEXE\SISKPI.GH\SISKPI.GH.csproj", "{E3B1F8EC-982C-4C14-AD3D-767C7D8FD21B}"
EndProject
Project("{FAE04EC0-301F-11D3-BF4B-00C04F79EFBC}") = "SISKPI.GHInt", "SISEXE\SISKPI.GHInt\SISKPI.GHInt.csproj", "{91747C79-4215-4D5B-ADEB-2B145B4A110D}"
EndProject
Project("{FAE04EC0-301F-11D3-BF4B-00C04F79EFBC}") = "SISPI", "SISKPI\SISPI\SISPI.csproj", "{A8451806-7880-4C4F-BFCA-99EEDF105379}"
EndProject
Project("{FAE04EC0-301F-11D3-BF4B-00C04F79EFBC}") = "SISKPI.Performance", "SISSRV\SISKPI.Performance\SISKPI.Performance.csproj", "{C1BB23D7-74BA-4F66-897A-719AB3AD7BD3}"
EndProject
Project("{FAE04EC0-301F-11D3-BF4B-00C04F79EFBC}") = "SISKPI.Recalculator", "SISSRV\SISKPI.Recalculator\SISKPI.Recalculator.csproj", "{5F191F12-902D-4838-A585-B4A3D39350D9}"
EndProject
Project("{FAE04EC0-301F-11D3-BF4B-00C04F79EFBC}") = "SISKPI.AlarmService", "SISEXE\SISKPI.AlarmService\SISKPI.AlarmService.csproj", "{D089B7B5-67D7-4F10-A615-0C04C9E4D4F5}"
EndProject
Project("{FAE04EC0-301F-11D3-BF4B-00C04F79EFBC}") = "SISKPI.CalcService", "SISEXE\SISKPI.CalcService\SISKPI.CalcService.csproj", "{F9E15D60-181E-4987-B9FA-E1FB50C7EA25}"
EndProject
Project("{FAE04EC0-301F-11D3-BF4B-00C04F79EFBC}") = "SISKPI.SACalcService", "SISEXE\SISKPI.SACalcService\SISKPI.SACalcService.csproj", "{F31C7071-6E83-4D00-9095-D28ADA93C115}"
EndProject
Project("{FAE04EC0-301F-11D3-BF4B-00C04F79EFBC}") = "SIS.DataEntity", "Libraries\SIS.DataEntity\SIS.DataEntity.csproj", "{D385556A-A280-45D8-BED1-769CC8CCFAF0}"
EndProject
Global
	GlobalSection(SubversionScc) = preSolution
		Svn-Managed = True
		Manager = AnkhSVN - Subversion Support for Visual Studio
	EndGlobalSection
	GlobalSection(SolutionConfigurationPlatforms) = preSolution
		Debug|Any CPU = Debug|Any CPU
		Debug|Mixed Platforms = Debug|Mixed Platforms
		Debug|x86 = Debug|x86
		Release|Any CPU = Release|Any CPU
		Release|Mixed Platforms = Release|Mixed Platforms
		Release|x86 = Release|x86
	EndGlobalSection
	GlobalSection(ProjectConfigurationPlatforms) = postSolution
		{ED742803-E8CF-4931-9FE2-8A01500E1B5C}.Debug|Any CPU.ActiveCfg = Debug|Any CPU
		{ED742803-E8CF-4931-9FE2-8A01500E1B5C}.Debug|Any CPU.Build.0 = Debug|Any CPU
		{ED742803-E8CF-4931-9FE2-8A01500E1B5C}.Debug|Mixed Platforms.ActiveCfg = Debug|Any CPU
		{ED742803-E8CF-4931-9FE2-8A01500E1B5C}.Debug|Mixed Platforms.Build.0 = Debug|Any CPU
		{ED742803-E8CF-4931-9FE2-8A01500E1B5C}.Debug|x86.ActiveCfg = Debug|Any CPU
		{ED742803-E8CF-4931-9FE2-8A01500E1B5C}.Release|Any CPU.ActiveCfg = Release|Any CPU
		{ED742803-E8CF-4931-9FE2-8A01500E1B5C}.Release|Any CPU.Build.0 = Release|Any CPU
		{ED742803-E8CF-4931-9FE2-8A01500E1B5C}.Release|Mixed Platforms.ActiveCfg = Release|Any CPU
		{ED742803-E8CF-4931-9FE2-8A01500E1B5C}.Release|Mixed Platforms.Build.0 = Release|Any CPU
		{ED742803-E8CF-4931-9FE2-8A01500E1B5C}.Release|x86.ActiveCfg = Release|Any CPU
		{C3DE9EE9-65C3-43AE-AEA3-96A8A63CFCF4}.Debug|Any CPU.ActiveCfg = Debug|Any CPU
		{C3DE9EE9-65C3-43AE-AEA3-96A8A63CFCF4}.Debug|Any CPU.Build.0 = Debug|Any CPU
		{C3DE9EE9-65C3-43AE-AEA3-96A8A63CFCF4}.Debug|Mixed Platforms.ActiveCfg = Debug|Any CPU
		{C3DE9EE9-65C3-43AE-AEA3-96A8A63CFCF4}.Debug|Mixed Platforms.Build.0 = Debug|Any CPU
		{C3DE9EE9-65C3-43AE-AEA3-96A8A63CFCF4}.Debug|x86.ActiveCfg = Debug|Any CPU
		{C3DE9EE9-65C3-43AE-AEA3-96A8A63CFCF4}.Release|Any CPU.ActiveCfg = Release|Any CPU
		{C3DE9EE9-65C3-43AE-AEA3-96A8A63CFCF4}.Release|Any CPU.Build.0 = Release|Any CPU
		{C3DE9EE9-65C3-43AE-AEA3-96A8A63CFCF4}.Release|Mixed Platforms.ActiveCfg = Release|Any CPU
		{C3DE9EE9-65C3-43AE-AEA3-96A8A63CFCF4}.Release|Mixed Platforms.Build.0 = Release|Any CPU
		{C3DE9EE9-65C3-43AE-AEA3-96A8A63CFCF4}.Release|x86.ActiveCfg = Release|Any CPU
		{D1D8FDCA-1024-44F1-8BB0-3159C1FDCC2E}.Debug|Any CPU.ActiveCfg = Debug|Any CPU
		{D1D8FDCA-1024-44F1-8BB0-3159C1FDCC2E}.Debug|Any CPU.Build.0 = Debug|Any CPU
		{D1D8FDCA-1024-44F1-8BB0-3159C1FDCC2E}.Debug|Mixed Platforms.ActiveCfg = Debug|Any CPU
		{D1D8FDCA-1024-44F1-8BB0-3159C1FDCC2E}.Debug|Mixed Platforms.Build.0 = Debug|Any CPU
		{D1D8FDCA-1024-44F1-8BB0-3159C1FDCC2E}.Debug|x86.ActiveCfg = Debug|Any CPU
		{D1D8FDCA-1024-44F1-8BB0-3159C1FDCC2E}.Release|Any CPU.ActiveCfg = Release|Any CPU
		{D1D8FDCA-1024-44F1-8BB0-3159C1FDCC2E}.Release|Any CPU.Build.0 = Release|Any CPU
		{D1D8FDCA-1024-44F1-8BB0-3159C1FDCC2E}.Release|Mixed Platforms.ActiveCfg = Release|Any CPU
		{D1D8FDCA-1024-44F1-8BB0-3159C1FDCC2E}.Release|Mixed Platforms.Build.0 = Release|Any CPU
		{D1D8FDCA-1024-44F1-8BB0-3159C1FDCC2E}.Release|x86.ActiveCfg = Release|Any CPU
		{DADD2B60-3330-4E3D-B69F-ABB24ADA7BEB}.Debug|Any CPU.ActiveCfg = Debug|Any CPU
		{DADD2B60-3330-4E3D-B69F-ABB24ADA7BEB}.Debug|Any CPU.Build.0 = Debug|Any CPU
		{DADD2B60-3330-4E3D-B69F-ABB24ADA7BEB}.Debug|Mixed Platforms.ActiveCfg = Debug|Any CPU
		{DADD2B60-3330-4E3D-B69F-ABB24ADA7BEB}.Debug|Mixed Platforms.Build.0 = Debug|Any CPU
		{DADD2B60-3330-4E3D-B69F-ABB24ADA7BEB}.Debug|x86.ActiveCfg = Debug|Any CPU
		{DADD2B60-3330-4E3D-B69F-ABB24ADA7BEB}.Release|Any CPU.ActiveCfg = Release|Any CPU
		{DADD2B60-3330-4E3D-B69F-ABB24ADA7BEB}.Release|Any CPU.Build.0 = Release|Any CPU
		{DADD2B60-3330-4E3D-B69F-ABB24ADA7BEB}.Release|Mixed Platforms.ActiveCfg = Release|Any CPU
		{DADD2B60-3330-4E3D-B69F-ABB24ADA7BEB}.Release|Mixed Platforms.Build.0 = Release|Any CPU
		{DADD2B60-3330-4E3D-B69F-ABB24ADA7BEB}.Release|x86.ActiveCfg = Release|Any CPU
		{35F3DC9D-037A-453E-AB51-1CACD4FB983E}.Debug|Any CPU.ActiveCfg = Debug|Any CPU
		{35F3DC9D-037A-453E-AB51-1CACD4FB983E}.Debug|Any CPU.Build.0 = Debug|Any CPU
		{35F3DC9D-037A-453E-AB51-1CACD4FB983E}.Debug|Mixed Platforms.ActiveCfg = Debug|Any CPU
		{35F3DC9D-037A-453E-AB51-1CACD4FB983E}.Debug|Mixed Platforms.Build.0 = Debug|Any CPU
		{35F3DC9D-037A-453E-AB51-1CACD4FB983E}.Debug|x86.ActiveCfg = Debug|Any CPU
		{35F3DC9D-037A-453E-AB51-1CACD4FB983E}.Release|Any CPU.ActiveCfg = Release|Any CPU
		{35F3DC9D-037A-453E-AB51-1CACD4FB983E}.Release|Any CPU.Build.0 = Release|Any CPU
		{35F3DC9D-037A-453E-AB51-1CACD4FB983E}.Release|Mixed Platforms.ActiveCfg = Release|Any CPU
		{35F3DC9D-037A-453E-AB51-1CACD4FB983E}.Release|Mixed Platforms.Build.0 = Release|Any CPU
		{35F3DC9D-037A-453E-AB51-1CACD4FB983E}.Release|x86.ActiveCfg = Release|Any CPU
		{CBFA63A9-6E0C-46AF-B970-F2C4AD4D15D2}.Debug|Any CPU.ActiveCfg = Debug|Any CPU
		{CBFA63A9-6E0C-46AF-B970-F2C4AD4D15D2}.Debug|Any CPU.Build.0 = Debug|Any CPU
		{CBFA63A9-6E0C-46AF-B970-F2C4AD4D15D2}.Debug|Mixed Platforms.ActiveCfg = Debug|Any CPU
		{CBFA63A9-6E0C-46AF-B970-F2C4AD4D15D2}.Debug|Mixed Platforms.Build.0 = Debug|Any CPU
		{CBFA63A9-6E0C-46AF-B970-F2C4AD4D15D2}.Debug|x86.ActiveCfg = Debug|Any CPU
		{CBFA63A9-6E0C-46AF-B970-F2C4AD4D15D2}.Release|Any CPU.ActiveCfg = Release|Any CPU
		{CBFA63A9-6E0C-46AF-B970-F2C4AD4D15D2}.Release|Any CPU.Build.0 = Release|Any CPU
		{CBFA63A9-6E0C-46AF-B970-F2C4AD4D15D2}.Release|Mixed Platforms.ActiveCfg = Release|Any CPU
		{CBFA63A9-6E0C-46AF-B970-F2C4AD4D15D2}.Release|Mixed Platforms.Build.0 = Release|Any CPU
		{CBFA63A9-6E0C-46AF-B970-F2C4AD4D15D2}.Release|x86.ActiveCfg = Release|Any CPU
		{0B195B47-5BEF-4908-AEBB-35DD1052EE87}.Debug|Any CPU.ActiveCfg = Debug|Any CPU
		{0B195B47-5BEF-4908-AEBB-35DD1052EE87}.Debug|Any CPU.Build.0 = Debug|Any CPU
		{0B195B47-5BEF-4908-AEBB-35DD1052EE87}.Debug|Mixed Platforms.ActiveCfg = Debug|Any CPU
		{0B195B47-5BEF-4908-AEBB-35DD1052EE87}.Debug|Mixed Platforms.Build.0 = Debug|Any CPU
		{0B195B47-5BEF-4908-AEBB-35DD1052EE87}.Debug|x86.ActiveCfg = Debug|Any CPU
		{0B195B47-5BEF-4908-AEBB-35DD1052EE87}.Release|Any CPU.ActiveCfg = Release|Any CPU
		{0B195B47-5BEF-4908-AEBB-35DD1052EE87}.Release|Any CPU.Build.0 = Release|Any CPU
		{0B195B47-5BEF-4908-AEBB-35DD1052EE87}.Release|Mixed Platforms.ActiveCfg = Release|Any CPU
		{0B195B47-5BEF-4908-AEBB-35DD1052EE87}.Release|Mixed Platforms.Build.0 = Release|Any CPU
		{0B195B47-5BEF-4908-AEBB-35DD1052EE87}.Release|x86.ActiveCfg = Release|Any CPU
		{A9699DED-3EFE-42BE-9BFA-6867B98945DF}.Debug|Any CPU.ActiveCfg = Debug|Any CPU
		{A9699DED-3EFE-42BE-9BFA-6867B98945DF}.Debug|Any CPU.Build.0 = Debug|Any CPU
		{A9699DED-3EFE-42BE-9BFA-6867B98945DF}.Debug|Mixed Platforms.ActiveCfg = Debug|Any CPU
		{A9699DED-3EFE-42BE-9BFA-6867B98945DF}.Debug|Mixed Platforms.Build.0 = Debug|Any CPU
		{A9699DED-3EFE-42BE-9BFA-6867B98945DF}.Debug|x86.ActiveCfg = Debug|Any CPU
		{A9699DED-3EFE-42BE-9BFA-6867B98945DF}.Release|Any CPU.ActiveCfg = Release|Any CPU
		{A9699DED-3EFE-42BE-9BFA-6867B98945DF}.Release|Any CPU.Build.0 = Release|Any CPU
		{A9699DED-3EFE-42BE-9BFA-6867B98945DF}.Release|Mixed Platforms.ActiveCfg = Release|Any CPU
		{A9699DED-3EFE-42BE-9BFA-6867B98945DF}.Release|Mixed Platforms.Build.0 = Release|Any CPU
		{A9699DED-3EFE-42BE-9BFA-6867B98945DF}.Release|x86.ActiveCfg = Release|Any CPU
		{86F18DFD-C2B6-4990-906C-A49434D37A8A}.Debug|Any CPU.ActiveCfg = Debug|Any CPU
		{86F18DFD-C2B6-4990-906C-A49434D37A8A}.Debug|Any CPU.Build.0 = Debug|Any CPU
		{86F18DFD-C2B6-4990-906C-A49434D37A8A}.Debug|Mixed Platforms.ActiveCfg = Debug|Any CPU
		{86F18DFD-C2B6-4990-906C-A49434D37A8A}.Debug|Mixed Platforms.Build.0 = Debug|Any CPU
		{86F18DFD-C2B6-4990-906C-A49434D37A8A}.Debug|x86.ActiveCfg = Debug|Any CPU
		{86F18DFD-C2B6-4990-906C-A49434D37A8A}.Release|Any CPU.ActiveCfg = Release|Any CPU
		{86F18DFD-C2B6-4990-906C-A49434D37A8A}.Release|Any CPU.Build.0 = Release|Any CPU
		{86F18DFD-C2B6-4990-906C-A49434D37A8A}.Release|Mixed Platforms.ActiveCfg = Release|Any CPU
		{86F18DFD-C2B6-4990-906C-A49434D37A8A}.Release|Mixed Platforms.Build.0 = Release|Any CPU
		{86F18DFD-C2B6-4990-906C-A49434D37A8A}.Release|x86.ActiveCfg = Release|Any CPU
		{3EC07983-43C7-4BA3-857A-337430158435}.Debug|Any CPU.ActiveCfg = Debug|x86
		{3EC07983-43C7-4BA3-857A-337430158435}.Debug|Mixed Platforms.ActiveCfg = Debug|x86
		{3EC07983-43C7-4BA3-857A-337430158435}.Debug|Mixed Platforms.Build.0 = Debug|x86
		{3EC07983-43C7-4BA3-857A-337430158435}.Debug|x86.ActiveCfg = Debug|x86
		{3EC07983-43C7-4BA3-857A-337430158435}.Debug|x86.Build.0 = Debug|x86
		{3EC07983-43C7-4BA3-857A-337430158435}.Release|Any CPU.ActiveCfg = Release|x86
		{3EC07983-43C7-4BA3-857A-337430158435}.Release|Any CPU.Build.0 = Release|x86
		{3EC07983-43C7-4BA3-857A-337430158435}.Release|Mixed Platforms.ActiveCfg = Release|x86
		{3EC07983-43C7-4BA3-857A-337430158435}.Release|Mixed Platforms.Build.0 = Release|x86
		{3EC07983-43C7-4BA3-857A-337430158435}.Release|x86.ActiveCfg = Release|x86
		{3EC07983-43C7-4BA3-857A-337430158435}.Release|x86.Build.0 = Release|x86
		{B9B7EF39-0DC9-49E0-825D-DD8BAEB17E09}.Debug|Any CPU.ActiveCfg = Debug|Any CPU
		{B9B7EF39-0DC9-49E0-825D-DD8BAEB17E09}.Debug|Any CPU.Build.0 = Debug|Any CPU
		{B9B7EF39-0DC9-49E0-825D-DD8BAEB17E09}.Debug|Mixed Platforms.ActiveCfg = Debug|Any CPU
		{B9B7EF39-0DC9-49E0-825D-DD8BAEB17E09}.Debug|Mixed Platforms.Build.0 = Debug|Any CPU
		{B9B7EF39-0DC9-49E0-825D-DD8BAEB17E09}.Debug|x86.ActiveCfg = Debug|Any CPU
		{B9B7EF39-0DC9-49E0-825D-DD8BAEB17E09}.Release|Any CPU.ActiveCfg = Release|Any CPU
		{B9B7EF39-0DC9-49E0-825D-DD8BAEB17E09}.Release|Any CPU.Build.0 = Release|Any CPU
		{B9B7EF39-0DC9-49E0-825D-DD8BAEB17E09}.Release|Mixed Platforms.ActiveCfg = Release|Any CPU
		{B9B7EF39-0DC9-49E0-825D-DD8BAEB17E09}.Release|Mixed Platforms.Build.0 = Release|Any CPU
		{B9B7EF39-0DC9-49E0-825D-DD8BAEB17E09}.Release|x86.ActiveCfg = Release|Any CPU
		{E3B1F8EC-982C-4C14-AD3D-767C7D8FD21B}.Debug|Any CPU.ActiveCfg = Debug|Any CPU
		{E3B1F8EC-982C-4C14-AD3D-767C7D8FD21B}.Debug|Any CPU.Build.0 = Debug|Any CPU
		{E3B1F8EC-982C-4C14-AD3D-767C7D8FD21B}.Debug|Mixed Platforms.ActiveCfg = Debug|Any CPU
		{E3B1F8EC-982C-4C14-AD3D-767C7D8FD21B}.Debug|Mixed Platforms.Build.0 = Debug|Any CPU
		{E3B1F8EC-982C-4C14-AD3D-767C7D8FD21B}.Debug|x86.ActiveCfg = Debug|Any CPU
		{E3B1F8EC-982C-4C14-AD3D-767C7D8FD21B}.Release|Any CPU.ActiveCfg = Release|Any CPU
		{E3B1F8EC-982C-4C14-AD3D-767C7D8FD21B}.Release|Any CPU.Build.0 = Release|Any CPU
		{E3B1F8EC-982C-4C14-AD3D-767C7D8FD21B}.Release|Mixed Platforms.ActiveCfg = Release|Any CPU
		{E3B1F8EC-982C-4C14-AD3D-767C7D8FD21B}.Release|Mixed Platforms.Build.0 = Release|Any CPU
		{E3B1F8EC-982C-4C14-AD3D-767C7D8FD21B}.Release|x86.ActiveCfg = Release|Any CPU
		{91747C79-4215-4D5B-ADEB-2B145B4A110D}.Debug|Any CPU.ActiveCfg = Debug|x86
		{91747C79-4215-4D5B-ADEB-2B145B4A110D}.Debug|Mixed Platforms.ActiveCfg = Debug|x86
		{91747C79-4215-4D5B-ADEB-2B145B4A110D}.Debug|Mixed Platforms.Build.0 = Debug|x86
		{91747C79-4215-4D5B-ADEB-2B145B4A110D}.Debug|x86.ActiveCfg = Debug|x86
		{91747C79-4215-4D5B-ADEB-2B145B4A110D}.Debug|x86.Build.0 = Debug|x86
		{91747C79-4215-4D5B-ADEB-2B145B4A110D}.Release|Any CPU.ActiveCfg = Release|x86
		{91747C79-4215-4D5B-ADEB-2B145B4A110D}.Release|Any CPU.Build.0 = Release|x86
		{91747C79-4215-4D5B-ADEB-2B145B4A110D}.Release|Mixed Platforms.ActiveCfg = Release|x86
		{91747C79-4215-4D5B-ADEB-2B145B4A110D}.Release|Mixed Platforms.Build.0 = Release|x86
		{91747C79-4215-4D5B-ADEB-2B145B4A110D}.Release|x86.ActiveCfg = Release|x86
		{91747C79-4215-4D5B-ADEB-2B145B4A110D}.Release|x86.Build.0 = Release|x86
		{A8451806-7880-4C4F-BFCA-99EEDF105379}.Debug|Any CPU.ActiveCfg = Debug|Any CPU
		{A8451806-7880-4C4F-BFCA-99EEDF105379}.Debug|Any CPU.Build.0 = Debug|Any CPU
		{A8451806-7880-4C4F-BFCA-99EEDF105379}.Debug|Mixed Platforms.ActiveCfg = Debug|Any CPU
		{A8451806-7880-4C4F-BFCA-99EEDF105379}.Debug|Mixed Platforms.Build.0 = Debug|Any CPU
		{A8451806-7880-4C4F-BFCA-99EEDF105379}.Debug|x86.ActiveCfg = Debug|Any CPU
		{A8451806-7880-4C4F-BFCA-99EEDF105379}.Release|Any CPU.ActiveCfg = Release|Any CPU
		{A8451806-7880-4C4F-BFCA-99EEDF105379}.Release|Any CPU.Build.0 = Release|Any CPU
		{A8451806-7880-4C4F-BFCA-99EEDF105379}.Release|Mixed Platforms.ActiveCfg = Release|Any CPU
		{A8451806-7880-4C4F-BFCA-99EEDF105379}.Release|Mixed Platforms.Build.0 = Release|Any CPU
		{A8451806-7880-4C4F-BFCA-99EEDF105379}.Release|x86.ActiveCfg = Release|Any CPU
		{C1BB23D7-74BA-4F66-897A-719AB3AD7BD3}.Debug|Any CPU.ActiveCfg = Debug|Any CPU
		{C1BB23D7-74BA-4F66-897A-719AB3AD7BD3}.Debug|Any CPU.Build.0 = Debug|Any CPU
		{C1BB23D7-74BA-4F66-897A-719AB3AD7BD3}.Debug|Mixed Platforms.ActiveCfg = Debug|Any CPU
		{C1BB23D7-74BA-4F66-897A-719AB3AD7BD3}.Debug|Mixed Platforms.Build.0 = Debug|Any CPU
		{C1BB23D7-74BA-4F66-897A-719AB3AD7BD3}.Debug|x86.ActiveCfg = Debug|Any CPU
		{C1BB23D7-74BA-4F66-897A-719AB3AD7BD3}.Release|Any CPU.ActiveCfg = Release|Any CPU
		{C1BB23D7-74BA-4F66-897A-719AB3AD7BD3}.Release|Any CPU.Build.0 = Release|Any CPU
		{C1BB23D7-74BA-4F66-897A-719AB3AD7BD3}.Release|Mixed Platforms.ActiveCfg = Release|Any CPU
		{C1BB23D7-74BA-4F66-897A-719AB3AD7BD3}.Release|Mixed Platforms.Build.0 = Release|Any CPU
		{C1BB23D7-74BA-4F66-897A-719AB3AD7BD3}.Release|x86.ActiveCfg = Release|Any CPU
		{5F191F12-902D-4838-A585-B4A3D39350D9}.Debug|Any CPU.ActiveCfg = Debug|x86
		{5F191F12-902D-4838-A585-B4A3D39350D9}.Debug|Mixed Platforms.ActiveCfg = Debug|x86
		{5F191F12-902D-4838-A585-B4A3D39350D9}.Debug|Mixed Platforms.Build.0 = Debug|x86
		{5F191F12-902D-4838-A585-B4A3D39350D9}.Debug|x86.ActiveCfg = Debug|x86
		{5F191F12-902D-4838-A585-B4A3D39350D9}.Debug|x86.Build.0 = Debug|x86
		{5F191F12-902D-4838-A585-B4A3D39350D9}.Release|Any CPU.ActiveCfg = Release|x86
		{5F191F12-902D-4838-A585-B4A3D39350D9}.Release|Any CPU.Build.0 = Release|x86
		{5F191F12-902D-4838-A585-B4A3D39350D9}.Release|Mixed Platforms.ActiveCfg = Release|x86
		{5F191F12-902D-4838-A585-B4A3D39350D9}.Release|Mixed Platforms.Build.0 = Release|x86
		{5F191F12-902D-4838-A585-B4A3D39350D9}.Release|x86.ActiveCfg = Release|x86
		{5F191F12-902D-4838-A585-B4A3D39350D9}.Release|x86.Build.0 = Release|x86
		{D089B7B5-67D7-4F10-A615-0C04C9E4D4F5}.Debug|Any CPU.ActiveCfg = Debug|x86
		{D089B7B5-67D7-4F10-A615-0C04C9E4D4F5}.Debug|Mixed Platforms.ActiveCfg = Debug|x86
		{D089B7B5-67D7-4F10-A615-0C04C9E4D4F5}.Debug|Mixed Platforms.Build.0 = Debug|x86
		{D089B7B5-67D7-4F10-A615-0C04C9E4D4F5}.Debug|x86.ActiveCfg = Debug|x86
		{D089B7B5-67D7-4F10-A615-0C04C9E4D4F5}.Debug|x86.Build.0 = Debug|x86
		{D089B7B5-67D7-4F10-A615-0C04C9E4D4F5}.Release|Any CPU.ActiveCfg = Release|x86
		{D089B7B5-67D7-4F10-A615-0C04C9E4D4F5}.Release|Any CPU.Build.0 = Release|x86
		{D089B7B5-67D7-4F10-A615-0C04C9E4D4F5}.Release|Mixed Platforms.ActiveCfg = Release|x86
		{D089B7B5-67D7-4F10-A615-0C04C9E4D4F5}.Release|Mixed Platforms.Build.0 = Release|x86
		{D089B7B5-67D7-4F10-A615-0C04C9E4D4F5}.Release|x86.ActiveCfg = Release|x86
		{D089B7B5-67D7-4F10-A615-0C04C9E4D4F5}.Release|x86.Build.0 = Release|x86
		{F9E15D60-181E-4987-B9FA-E1FB50C7EA25}.Debug|Any CPU.ActiveCfg = Debug|x86
		{F9E15D60-181E-4987-B9FA-E1FB50C7EA25}.Debug|Mixed Platforms.ActiveCfg = Debug|x86
		{F9E15D60-181E-4987-B9FA-E1FB50C7EA25}.Debug|Mixed Platforms.Build.0 = Debug|x86
		{F9E15D60-181E-4987-B9FA-E1FB50C7EA25}.Debug|x86.ActiveCfg = Debug|x86
		{F9E15D60-181E-4987-B9FA-E1FB50C7EA25}.Debug|x86.Build.0 = Debug|x86
		{F9E15D60-181E-4987-B9FA-E1FB50C7EA25}.Release|Any CPU.ActiveCfg = Release|x86
		{F9E15D60-181E-4987-B9FA-E1FB50C7EA25}.Release|Any CPU.Build.0 = Release|x86
		{F9E15D60-181E-4987-B9FA-E1FB50C7EA25}.Release|Mixed Platforms.ActiveCfg = Release|x86
		{F9E15D60-181E-4987-B9FA-E1FB50C7EA25}.Release|Mixed Platforms.Build.0 = Release|x86
		{F9E15D60-181E-4987-B9FA-E1FB50C7EA25}.Release|x86.ActiveCfg = Release|x86
		{F9E15D60-181E-4987-B9FA-E1FB50C7EA25}.Release|x86.Build.0 = Release|x86
		{F31C7071-6E83-4D00-9095-D28ADA93C115}.Debug|Any CPU.ActiveCfg = Debug|x86
		{F31C7071-6E83-4D00-9095-D28ADA93C115}.Debug|Mixed Platforms.ActiveCfg = Debug|x86
		{F31C7071-6E83-4D00-9095-D28ADA93C115}.Debug|Mixed Platforms.Build.0 = Debug|x86
		{F31C7071-6E83-4D00-9095-D28ADA93C115}.Debug|x86.ActiveCfg = Debug|x86
		{F31C7071-6E83-4D00-9095-D28ADA93C115}.Debug|x86.Build.0 = Debug|x86
		{F31C7071-6E83-4D00-9095-D28ADA93C115}.Release|Any CPU.ActiveCfg = Release|x86
		{F31C7071-6E83-4D00-9095-D28ADA93C115}.Release|Any CPU.Build.0 = Release|x86
		{F31C7071-6E83-4D00-9095-D28ADA93C115}.Release|Mixed Platforms.ActiveCfg = Release|x86
		{F31C7071-6E83-4D00-9095-D28ADA93C115}.Release|Mixed Platforms.Build.0 = Release|x86
		{F31C7071-6E83-4D00-9095-D28ADA93C115}.Release|x86.ActiveCfg = Release|x86
		{F31C7071-6E83-4D00-9095-D28ADA93C115}.Release|x86.Build.0 = Release|x86
		{D385556A-A280-45D8-BED1-769CC8CCFAF0}.Debug|Any CPU.ActiveCfg = Debug|Any CPU
		{D385556A-A280-45D8-BED1-769CC8CCFAF0}.Debug|Any CPU.Build.0 = Debug|Any CPU
		{D385556A-A280-45D8-BED1-769CC8CCFAF0}.Debug|Mixed Platforms.ActiveCfg = Debug|Any CPU
		{D385556A-A280-45D8-BED1-769CC8CCFAF0}.Debug|Mixed Platforms.Build.0 = Debug|Any CPU
		{D385556A-A280-45D8-BED1-769CC8CCFAF0}.Debug|x86.ActiveCfg = Debug|Any CPU
		{D385556A-A280-45D8-BED1-769CC8CCFAF0}.Release|Any CPU.ActiveCfg = Release|Any CPU
		{D385556A-A280-45D8-BED1-769CC8CCFAF0}.Release|Any CPU.Build.0 = Release|Any CPU
		{D385556A-A280-45D8-BED1-769CC8CCFAF0}.Release|Mixed Platforms.ActiveCfg = Release|Any CPU
		{D385556A-A280-45D8-BED1-769CC8CCFAF0}.Release|Mixed Platforms.Build.0 = Release|Any CPU
		{D385556A-A280-45D8-BED1-769CC8CCFAF0}.Release|x86.ActiveCfg = Release|Any CPU
	EndGlobalSection
	GlobalSection(SolutionProperties) = preSolution
		HideSolutionNode = FALSE
	EndGlobalSection
	GlobalSection(NestedProjects) = preSolution
		{ED742803-E8CF-4931-9FE2-8A01500E1B5C} = {5AD08974-7D63-49EC-B863-2B5AFD41D1BB}
		{C3DE9EE9-65C3-43AE-AEA3-96A8A63CFCF4} = {5AD08974-7D63-49EC-B863-2B5AFD41D1BB}
		{D1D8FDCA-1024-44F1-8BB0-3159C1FDCC2E} = {5AD08974-7D63-49EC-B863-2B5AFD41D1BB}
		{DADD2B60-3330-4E3D-B69F-ABB24ADA7BEB} = {5AD08974-7D63-49EC-B863-2B5AFD41D1BB}
		{35F3DC9D-037A-453E-AB51-1CACD4FB983E} = {5AD08974-7D63-49EC-B863-2B5AFD41D1BB}
		{CBFA63A9-6E0C-46AF-B970-F2C4AD4D15D2} = {5AD08974-7D63-49EC-B863-2B5AFD41D1BB}
		{0B195B47-5BEF-4908-AEBB-35DD1052EE87} = {5AD08974-7D63-49EC-B863-2B5AFD41D1BB}
		{A9699DED-3EFE-42BE-9BFA-6867B98945DF} = {5AD08974-7D63-49EC-B863-2B5AFD41D1BB}
		{86F18DFD-C2B6-4990-906C-A49434D37A8A} = {370E7C2C-F2C0-416A-91EC-3892368111EE}
		{3EC07983-43C7-4BA3-857A-337430158435} = {0F91F5E7-86A7-42CB-834E-FA1CE83DA2F2}
		{B9B7EF39-0DC9-49E0-825D-DD8BAEB17E09} = {0F91F5E7-86A7-42CB-834E-FA1CE83DA2F2}
		{E3B1F8EC-982C-4C14-AD3D-767C7D8FD21B} = {0F91F5E7-86A7-42CB-834E-FA1CE83DA2F2}
		{91747C79-4215-4D5B-ADEB-2B145B4A110D} = {0F91F5E7-86A7-42CB-834E-FA1CE83DA2F2}
		{A8451806-7880-4C4F-BFCA-99EEDF105379} = {370E7C2C-F2C0-416A-91EC-3892368111EE}
		{C1BB23D7-74BA-4F66-897A-719AB3AD7BD3} = {93215F3A-6ADA-47E1-9E28-055B70C5DB10}
		{5F191F12-902D-4838-A585-B4A3D39350D9} = {0F91F5E7-86A7-42CB-834E-FA1CE83DA2F2}
		{D089B7B5-67D7-4F10-A615-0C04C9E4D4F5} = {0F91F5E7-86A7-42CB-834E-FA1CE83DA2F2}
		{F9E15D60-181E-4987-B9FA-E1FB50C7EA25} = {0F91F5E7-86A7-42CB-834E-FA1CE83DA2F2}
		{F31C7071-6E83-4D00-9095-D28ADA93C115} = {0F91F5E7-86A7-42CB-834E-FA1CE83DA2F2}
		{D385556A-A280-45D8-BED1-769CC8CCFAF0} = {5AD08974-7D63-49EC-B863-2B5AFD41D1BB}
	EndGlobalSection
EndGlobal
